// !$*UTF8*$!
{
	archiveVersion = 1;
	classes = {
	};
	objectVersion = 46;
	objects = {

/* Begin PBXBuildFile section */
		D33F584A1A7D497E00491749 /* AppDelegate.swift in Sources */ = {isa = PBXBuildFile; fileRef = D33F58491A7D497E00491749 /* AppDelegate.swift */; };
		D33F584C1A7D497E00491749 /* ViewController.swift in Sources */ = {isa = PBXBuildFile; fileRef = D33F584B1A7D497E00491749 /* ViewController.swift */; };
		D33F584F1A7D497E00491749 /* Main.storyboard in Resources */ = {isa = PBXBuildFile; fileRef = D33F584D1A7D497E00491749 /* Main.storyboard */; };
		D33F58511A7D497E00491749 /* Images.xcassets in Resources */ = {isa = PBXBuildFile; fileRef = D33F58501A7D497E00491749 /* Images.xcassets */; };
		D33F58541A7D497E00491749 /* LaunchScreen.xib in Resources */ = {isa = PBXBuildFile; fileRef = D33F58521A7D497E00491749 /* LaunchScreen.xib */; };
		D33F58601A7D497E00491749 /* NBANowTests.swift in Sources */ = {isa = PBXBuildFile; fileRef = D33F585F1A7D497E00491749 /* NBANowTests.swift */; };
/* End PBXBuildFile section */

/* Begin PBXContainerItemProxy section */
		D33F585A1A7D497E00491749 /* PBXContainerItemProxy */ = {
			isa = PBXContainerItemProxy;
			containerPortal = D33F583C1A7D497E00491749 /* Project object */;
			proxyType = 1;
			remoteGlobalIDString = D33F58431A7D497E00491749;
			remoteInfo = NBANow;
		};
/* End PBXContainerItemProxy section */

/* Begin PBXFileReference section */
		D33F58441A7D497E00491749 /* NBANow.app */ = {isa = PBXFileReference; explicitFileType = wrapper.application; includeInIndex = 0; path = NBANow.app; sourceTree = BUILT_PRODUCTS_DIR; };
		D33F58481A7D497E00491749 /* Info.plist */ = {isa = PBXFileReference; lastKnownFileType = text.plist.xml; path = Info.plist; sourceTree = "<group>"; };
		D33F58491A7D497E00491749 /* AppDelegate.swift */ = {isa = PBXFileReference; lastKnownFileType = sourcecode.swift; path = AppDelegate.swift; sourceTree = "<group>"; };
		D33F584B1A7D497E00491749 /* ViewController.swift */ = {isa = PBXFileReference; lastKnownFileType = sourcecode.swift; path = ViewController.swift; sourceTree = "<group>"; };
		D33F584E1A7D497E00491749 /* Base */ = {isa = PBXFileReference; lastKnownFileType = file.storyboard; name = Base; path = Base.lproj/Main.storyboard; sourceTree = "<group>"; };
		D33F58501A7D497E00491749 /* Images.xcassets */ = {isa = PBXFileReference; lastKnownFileType = folder.assetcatalog; path = Images.xcassets; sourceTree = "<group>"; };
		D33F58531A7D497E00491749 /* Base */ = {isa = PBXFileReference; lastKnownFileType = file.xib; name = Base; path = Base.lproj/LaunchScreen.xib; sourceTree = "<group>"; };
		D33F58591A7D497E00491749 /* NBANowTests.xctest */ = {isa = PBXFileReference; explicitFileType = wrapper.cfbundle; includeInIndex = 0; path = NBANowTests.xctest; sourceTree = BUILT_PRODUCTS_DIR; };
		D33F585E1A7D497E00491749 /* Info.plist */ = {isa = PBXFileReference; lastKnownFileType = text.plist.xml; path = Info.plist; sourceTree = "<group>"; };
		D33F585F1A7D497E00491749 /* NBANowTests.swift */ = {isa = PBXFileReference; lastKnownFileType = sourcecode.swift; path = NBANowTests.swift; sourceTree = "<group>"; };
/* End PBXFileReference section */

/* Begin PBXFrameworksBuildPhase section */
		D33F58411A7D497E00491749 /* Frameworks */ = {
			isa = PBXFrameworksBuildPhase;
			buildActionMask = 2147483647;
			files = (
			);
			runOnlyForDeploymentPostprocessing = 0;
		};
		D33F58561A7D497E00491749 /* Frameworks */ = {
			isa = PBXFrameworksBuildPhase;
			buildActionMask = 2147483647;
			files = (
			);
			runOnlyForDeploymentPostprocessing = 0;
		};
/* End PBXFrameworksBuildPhase section */

/* Begin PBXGroup section */
		D33F583B1A7D497E00491749 = {
			isa = PBXGroup;
			children = (
				D33F58461A7D497E00491749 /* NBANow */,
				D33F585C1A7D497E00491749 /* NBANowTests */,
				D33F58451A7D497E00491749 /* Products */,
			);
			sourceTree = "<group>";
		};
		D33F58451A7D497E00491749 /* Products */ = {
			isa = PBXGroup;
			children = (
				D33F58441A7D497E00491749 /* NBANow.app */,
				D33F58591A7D497E00491749 /* NBANowTests.xctest */,
			);
			name = Products;
			sourceTree = "<group>";
		};
		D33F58461A7D497E00491749 /* NBANow */ = {
			isa = PBXGroup;
			children = (
				D33F58491A7D497E00491749 /* AppDelegate.swift */,
				D33F584B1A7D497E00491749 /* ViewController.swift */,
				D33F584D1A7D497E00491749 /* Main.storyboard */,
				D33F58501A7D497E00491749 /* Images.xcassets */,
				D33F58521A7D497E00491749 /* LaunchScreen.xib */,
				D33F58471A7D497E00491749 /* Supporting Files */,
			);
			path = NBANow;
			sourceTree = "<group>";
		};
		D33F58471A7D497E00491749 /* Supporting Files */ = {
			isa = PBXGroup;
			children = (
				D33F58481A7D497E00491749 /* Info.plist */,
			);
			name = "Supporting Files";
			sourceTree = "<group>";
		};
		D33F585C1A7D497E00491749 /* NBANowTests */ = {
			isa = PBXGroup;
			children = (
				D33F585F1A7D497E00491749 /* NBANowTests.swift */,
				D33F585D1A7D497E00491749 /* Supporting Files */,
			);
			path = NBANowTests;
			sourceTree = "<group>";
		};
		D33F585D1A7D497E00491749 /* Supporting Files */ = {
			isa = PBXGroup;
			children = (
				D33F585E1A7D497E00491749 /* Info.plist */,
			);
			name = "Supporting Files";
			sourceTree = "<group>";
		};
/* End PBXGroup section */

/* Begin PBXNativeTarget section */
		D33F58431A7D497E00491749 /* NBANow */ = {
			isa = PBXNativeTarget;
			buildConfigurationList = D33F58631A7D497E00491749 /* Build configuration list for PBXNativeTarget "NBANow" */;
			buildPhases = (
				D33F58401A7D497E00491749 /* Sources */,
				D33F58411A7D497E00491749 /* Frameworks */,
				D33F58421A7D497E00491749 /* Resources */,
			);
			buildRules = (
			);
			dependencies = (
			);
			name = NBANow;
			productName = NBANow;
			productReference = D33F58441A7D497E00491749 /* NBANow.app */;
			productType = "com.apple.product-type.application";
		};
		D33F58581A7D497E00491749 /* NBANowTests */ = {
			isa = PBXNativeTarget;
			buildConfigurationList = D33F58661A7D497E00491749 /* Build configuration list for PBXNativeTarget "NBANowTests" */;
			buildPhases = (
				D33F58551A7D497E00491749 /* Sources */,
				D33F58561A7D497E00491749 /* Frameworks */,
				D33F58571A7D497E00491749 /* Resources */,
			);
			buildRules = (
			);
			dependencies = (
				D33F585B1A7D497E00491749 /* PBXTargetDependency */,
			);
			name = NBANowTests;
			productName = NBANowTests;
			productReference = D33F58591A7D497E00491749 /* NBANowTests.xctest */;
			productType = "com.apple.product-type.bundle.unit-test";
		};
/* End PBXNativeTarget section */

/* Begin PBXProject section */
		D33F583C1A7D497E00491749 /* Project object */ = {
			isa = PBXProject;
			attributes = {
				LastUpgradeCheck = 0610;
				ORGANIZATIONNAME = 3O1;
				TargetAttributes = {
					D33F58431A7D497E00491749 = {
						CreatedOnToolsVersion = 6.1.1;
					};
					D33F58581A7D497E00491749 = {
						CreatedOnToolsVersion = 6.1.1;
						TestTargetID = D33F58431A7D497E00491749;
					};
				};
			};
			buildConfigurationList = D33F583F1A7D497E00491749 /* Build configuration list for PBXProject "NBANow" */;
			compatibilityVersion = "Xcode 3.2";
			developmentRegion = English;
			hasScannedForEncodings = 0;
			knownRegions = (
				en,
				Base,
			);
			mainGroup = D33F583B1A7D497E00491749;
			productRefGroup = D33F58451A7D497E00491749 /* Products */;
			projectDirPath = "";
			projectRoot = "";
			targets = (
				D33F58431A7D497E00491749 /* NBANow */,
				D33F58581A7D497E00491749 /* NBANowTests */,
			);
		};
/* End PBXProject section */

/* Begin PBXResourcesBuildPhase section */
		D33F58421A7D497E00491749 /* Resources */ = {
			isa = PBXResourcesBuildPhase;
			buildActionMask = 2147483647;
			files = (
				D33F584F1A7D497E00491749 /* Main.storyboard in Resources */,
				D33F58541A7D497E00491749 /* LaunchScreen.xib in Resources */,
				D33F58511A7D497E00491749 /* Images.xcassets in Resources */,
			);
			runOnlyForDeploymentPostprocessing = 0;
		};
		D33F58571A7D497E00491749 /* Resources */ = {
			isa = PBXResourcesBuildPhase;
			buildActionMask = 2147483647;
			files = (
			);
			runOnlyForDeploymentPostprocessing = 0;
		};
/* End PBXResourcesBuildPhase section */

/* Begin PBXSourcesBuildPhase section */
		D33F58401A7D497E00491749 /* Sources */ = {
			isa = PBXSourcesBuildPhase;
			buildActionMask = 2147483647;
			files = (
				D33F584C1A7D497E00491749 /* ViewController.swift in Sources */,
				D33F584A1A7D497E00491749 /* AppDelegate.swift in Sources */,
			);
			runOnlyForDeploymentPostprocessing = 0;
		};
		D33F58551A7D497E00491749 /* Sources */ = {
			isa = PBXSourcesBuildPhase;
			buildActionMask = 2147483647;
			files = (
				D33F58601A7D497E00491749 /* NBANowTests.swift in Sources */,
			);
			runOnlyForDeploymentPostprocessing = 0;
		};
/* End PBXSourcesBuildPhase section */

/* Begin PBXTargetDependency section */
		D33F585B1A7D497E00491749 /* PBXTargetDependency */ = {
			isa = PBXTargetDependency;
			target = D33F58431A7D497E00491749 /* NBANow */;
			targetProxy = D33F585A1A7D497E00491749 /* PBXContainerItemProxy */;
		};
/* End PBXTargetDependency section */

/* Begin PBXVariantGroup section */
		D33F584D1A7D497E00491749 /* Main.storyboard */ = {
			isa = PBXVariantGroup;
			children = (
				D33F584E1A7D497E00491749 /* Base */,
			);
			name = Main.storyboard;
			sourceTree = "<group>";
		};
		D33F58521A7D497E00491749 /* LaunchScreen.xib */ = {
			isa = PBXVariantGroup;
			children = (
				D33F58531A7D497E00491749 /* Base */,
			);
			name = LaunchScreen.xib;
			sourceTree = "<group>";
		};
/* End PBXVariantGroup section */

/* Begin XCBuildConfiguration section */
		D33F58611A7D497E00491749 /* Debug */ = {
			isa = XCBuildConfiguration;
			buildSettings = {
				ALWAYS_SEARCH_USER_PATHS = NO;
				CLANG_CXX_LANGUAGE_STANDARD = "gnu++0x";
				CLANG_CXX_LIBRARY = "libc++";
				CLANG_ENABLE_MODULES = YES;
				CLANG_ENABLE_OBJC_ARC = YES;
				CLANG_WARN_BOOL_CONVERSION = YES;
				CLANG_WARN_CONSTANT_CONVERSION = YES;
				CLANG_WARN_DIRECT_OBJC_ISA_USAGE = YES_ERROR;
				CLANG_WARN_EMPTY_BODY = YES;
				CLANG_WARN_ENUM_CONVERSION = YES;
				CLANG_WARN_INT_CONVERSION = YES;
				CLANG_WARN_OBJC_ROOT_CLASS = YES_ERROR;
				CLANG_WARN_UNREACHABLE_CODE = YES;
				CLANG_WARN__DUPLICATE_METHOD_MATCH = YES;
				"CODE_SIGN_IDENTITY[sdk=iphoneos*]" = "iPhone Developer";
				COPY_PHASE_STRIP = NO;
				ENABLE_STRICT_OBJC_MSGSEND = YES;
				GCC_C_LANGUAGE_STANDARD = gnu99;
				GCC_DYNAMIC_NO_PIC = NO;
				GCC_OPTIMIZATION_LEVEL = 0;
				GCC_PREPROCESSOR_DEFINITIONS = (
					"DEBUG=1",
					"$(inherited)",
				);
				GCC_SYMBOLS_PRIVATE_EXTERN = NO;
				GCC_WARN_64_TO_32_BIT_CONVERSION = YES;
				GCC_WARN_ABOUT_RETURN_TYPE = YES_ERROR;
				GCC_WARN_UNDECLARED_SELECTOR = YES;
				GCC_WARN_UNINITIALIZED_AUTOS = YES_AGGRESSIVE;
				GCC_WARN_UNUSED_FUNCTION = YES;
				GCC_WARN_UNUSED_VARIABLE = YES;
				IPHONEOS_DEPLOYMENT_TARGET = 8.1;
				MTL_ENABLE_DEBUG_INFO = YES;
				ONLY_ACTIVE_ARCH = YES;
				SDKROOT = iphoneos;
				SWIFT_OPTIMIZATION_LEVEL = "-Onone";
			};
			name = Debug;
		};
		D33F58621A7D497E00491749 /* Release */ = {
			isa = XCBuildConfiguration;
			buildSettings = {
				ALWAYS_SEARCH_USER_PATHS = NO;
				CLANG_CXX_LANGUAGE_STANDARD = "gnu++0x";
				CLANG_CXX_LIBRARY = "libc++";
				CLANG_ENABLE_MODULES = YES;
				CLANG_ENABLE_OBJC_ARC = YES;
				CLANG_WARN_BOOL_CONVERSION = YES;
				CLANG_WARN_CONSTANT_CONVERSION = YES;
				CLANG_WARN_DIRECT_OBJC_ISA_USAGE = YES_ERROR;
				CLANG_WARN_EMPTY_BODY = YES;
				CLANG_WARN_ENUM_CONVERSION = YES;
				CLANG_WARN_INT_CONVERSION = YES;
				CLANG_WARN_OBJC_ROOT_CLASS = YES_ERROR;
				CLANG_WARN_UNREACHABLE_CODE = YES;
				CLANG_WARN__DUPLICATE_METHOD_MATCH = YES;
				"CODE_SIGN_IDENTITY[sdk=iphoneos*]" = "iPhone Developer";
				COPY_PHASE_STRIP = YES;
				ENABLE_NS_ASSERTIONS = NO;
				ENABLE_STRICT_OBJC_MSGSEND = YES;
				GCC_C_LANGUAGE_STANDARD = gnu99;
				GCC_WARN_64_TO_32_BIT_CONVERSION = YES;
				GCC_WARN_ABOUT_RETURN_TYPE = YES_ERROR;
				GCC_WARN_UNDECLARED_SELECTOR = YES;
				GCC_WARN_UNINITIALIZED_AUTOS = YES_AGGRESSIVE;
				GCC_WARN_UNUSED_FUNCTION = YES;
				GCC_WARN_UNUSED_VARIABLE = YES;
				IPHONEOS_DEPLOYMENT_TARGET = 8.1;
				MTL_ENABLE_DEBUG_INFO = NO;
				SDKROOT = iphoneos;
				VALIDATE_PRODUCT = YES;
			};
			name = Release;
		};
		D33F58641A7D497E00491749 /* Debug */ = {
			isa = XCBuildConfiguration;
			buildSettings = {
				ASSETCATALOG_COMPILER_APPICON_NAME = AppIcon;
				INFOPLIST_FILE = NBANow/Info.plist;
				LD_RUNPATH_SEARCH_PATHS = "$(inherited) @executable_path/Frameworks";
				PRODUCT_NAME = "$(TARGET_NAME)";
			};
			name = Debug;
		};
		D33F58651A7D497E00491749 /* Release */ = {
			isa = XCBuildConfiguration;
			buildSettings = {
				ASSETCATALOG_COMPILER_APPICON_NAME = AppIcon;
				INFOPLIST_FILE = NBANow/Info.plist;
				LD_RUNPATH_SEARCH_PATHS = "$(inherited) @executable_path/Frameworks";
				PRODUCT_NAME = "$(TARGET_NAME)";
			};
			name = Release;
		};
		D33F58671A7D497E00491749 /* Debug */ = {
			isa = XCBuildConfiguration;
			buildSettings = {
				BUNDLE_LOADER = "$(TEST_HOST)";
				FRAMEWORK_SEARCH_PATHS = (
					"$(SDKROOT)/Developer/Library/Frameworks",
					"$(inherited)",
				);
				GCC_PREPROCESSOR_DEFINITIONS = (
					"DEBUG=1",
					"$(inherited)",
				);
				INFOPLIST_FILE = NBANowTests/Info.plist;
				LD_RUNPATH_SEARCH_PATHS = "$(inherited) @executable_path/Frameworks @loader_path/Frameworks";
				PRODUCT_NAME = "$(TARGET_NAME)";
				TEST_HOST = "$(BUILT_PRODUCTS_DIR)/NBANow.app/NBANow";
			};
			name = Debug;
		};
		D33F58681A7D497E00491749 /* Release */ = {
			isa = XCBuildConfiguration;
			buildSettings = {
				BUNDLE_LOADER = "$(TEST_HOST)";
				FRAMEWORK_SEARCH_PATHS = (
					"$(SDKROOT)/Developer/Library/Frameworks",
					"$(inherited)",
				);
				INFOPLIST_FILE = NBANowTests/Info.plist;
				LD_RUNPATH_SEARCH_PATHS = "$(inherited) @executable_path/Frameworks @loader_path/Frameworks";
				PRODUCT_NAME = "$(TARGET_NAME)";
				TEST_HOST = "$(BUILT_PRODUCTS_DIR)/NBANow.app/NBANow";
			};
			name = Release;
		};
/* End XCBuildConfiguration section */

/* Begin XCConfigurationList section */
		D33F583F1A7D497E00491749 /* Build configuration list for PBXProject "NBANow" */ = {
			isa = XCConfigurationList;
			buildConfigurations = (
				D33F58611A7D497E00491749 /* Debug */,
				D33F58621A7D497E00491749 /* Release */,
			);
			defaultConfigurationIsVisible = 0;
			defaultConfigurationName = Release;
		};
		D33F58631A7D497E00491749 /* Build configuration list for PBXNativeTarget "NBANow" */ = {
			isa = XCConfigurationList;
			buildConfigurations = (
				D33F58641A7D497E00491749 /* Debug */,
				D33F58651A7D497E00491749 /* Release */,
			);
			defaultConfigurationIsVisible = 0;
		};
		D33F58661A7D497E00491749 /* Build configuration list for PBXNativeTarget "NBANowTests" */ = {
			isa = XCConfigurationList;
			buildConfigurations = (
				D33F58671A7D497E00491749 /* Debug */,
				D33F58681A7D497E00491749 /* Release */,
			);
			defaultConfigurationIsVisible = 0;
		};
/* End XCConfigurationList section */
	};
	rootObject = D33F583C1A7D497E00491749 /* Project object */;
}
